
Microsoft Visual Studio Solution File, Format Version 12.00
# Visual Studio Version 17
VisualStudioVersion = 17.12.35527.113 d17.12
MinimumVisualStudioVersion = 10.0.40219.1
Project("{FAE04EC0-301F-11D3-BF4B-00C04F79EFBC}") = "CrudAspWebApiReact", "CrudAspWebApiReact\CrudAspWebApiReact.csproj", "{6A52EFA6-5F44-4A8E-A1D2-B5F2F3015627}"
EndProject
Project("{FAE04EC0-301F-11D3-BF4B-00C04F79EFBC}") = "ItemShop.Core", "ItemShop.Core\ItemShop.Core.csproj", "{5B9E10C9-1D53-4062-BF20-7DA4C7C50D43}"
EndProject
Project("{FAE04EC0-301F-11D3-BF4B-00C04F79EFBC}") = "ItemShop.DataAccess", "Item.DataAccess\ItemShop.DataAccess.csproj", "{3B41EC2E-7C78-4CBE-9DF9-53610A4400A8}"
EndProject
Project("{FAE04EC0-301F-11D3-BF4B-00C04F79EFBC}") = "ItemShop.Application", "ItemShop.Application\ItemShop.Application.csproj", "{478CE5BE-A6FE-4E7F-9B93-C2CB9FF845E2}"
EndProject
Global
	GlobalSection(SolutionConfigurationPlatforms) = preSolution
		Debug|Any CPU = Debug|Any CPU
		Release|Any CPU = Release|Any CPU
	EndGlobalSection
	GlobalSection(ProjectConfigurationPlatforms) = postSolution
		{6A52EFA6-5F44-4A8E-A1D2-B5F2F3015627}.Debug|Any CPU.ActiveCfg = Debug|Any CPU
		{6A52EFA6-5F44-4A8E-A1D2-B5F2F3015627}.Debug|Any CPU.Build.0 = Debug|Any CPU
		{6A52EFA6-5F44-4A8E-A1D2-B5F2F3015627}.Release|Any CPU.ActiveCfg = Release|Any CPU
		{6A52EFA6-5F44-4A8E-A1D2-B5F2F3015627}.Release|Any CPU.Build.0 = Release|Any CPU
		{5B9E10C9-1D53-4062-BF20-7DA4C7C50D43}.Debug|Any CPU.ActiveCfg = Debug|Any CPU
		{5B9E10C9-1D53-4062-BF20-7DA4C7C50D43}.Debug|Any CPU.Build.0 = Debug|Any CPU
		{5B9E10C9-1D53-4062-BF20-7DA4C7C50D43}.Release|Any CPU.ActiveCfg = Release|Any CPU
		{5B9E10C9-1D53-4062-BF20-7DA4C7C50D43}.Release|Any CPU.Build.0 = Release|Any CPU
		{3B41EC2E-7C78-4CBE-9DF9-53610A4400A8}.Debug|Any CPU.ActiveCfg = Debug|Any CPU
		{3B41EC2E-7C78-4CBE-9DF9-53610A4400A8}.Debug|Any CPU.Build.0 = Debug|Any CPU
		{3B41EC2E-7C78-4CBE-9DF9-53610A4400A8}.Release|Any CPU.ActiveCfg = Release|Any CPU
		{3B41EC2E-7C78-4CBE-9DF9-53610A4400A8}.Release|Any CPU.Build.0 = Release|Any CPU
		{478CE5BE-A6FE-4E7F-9B93-C2CB9FF845E2}.Debug|Any CPU.ActiveCfg = Debug|Any CPU
		{478CE5BE-A6FE-4E7F-9B93-C2CB9FF845E2}.Debug|Any CPU.Build.0 = Debug|Any CPU
		{478CE5BE-A6FE-4E7F-9B93-C2CB9FF845E2}.Release|Any CPU.ActiveCfg = Release|Any CPU
		{478CE5BE-A6FE-4E7F-9B93-C2CB9FF845E2}.Release|Any CPU.Build.0 = Release|Any CPU
	EndGlobalSection
	GlobalSection(SolutionProperties) = preSolution
		HideSolutionNode = FALSE
	EndGlobalSection
EndGlobal
